
Microsoft Visual Studio Solution File, Format Version 12.00
# Visual Studio 15
VisualStudioVersion = 15.0.27703.2042
MinimumVisualStudioVersion = 10.0.40219.1
Project("{FAE04EC0-301F-11D3-BF4B-00C04F79EFBC}") = "BookBlog", "bb\BookBlog.csproj", "{0058E9FE-B57D-452D-A309-45F821BC9294}"
EndProject
Global
	GlobalSection(SolutionConfigurationPlatforms) = preSolution
		Debug|Any CPU = Debug|Any CPU
		Release|Any CPU = Release|Any CPU
	EndGlobalSection
	GlobalSection(ProjectConfigurationPlatforms) = postSolution
		{0058E9FE-B57D-452D-A309-45F821BC9294}.Debug|Any CPU.ActiveCfg = Debug|Any CPU
		{0058E9FE-B57D-452D-A309-45F821BC9294}.Debug|Any CPU.Build.0 = Debug|Any CPU
		{0058E9FE-B57D-452D-A309-45F821BC9294}.Release|Any CPU.ActiveCfg = Release|Any CPU
		{0058E9FE-B57D-452D-A309-45F821BC9294}.Release|Any CPU.Build.0 = Release|Any CPU
	EndGlobalSection
	GlobalSection(SolutionProperties) = preSolution
		HideSolutionNode = FALSE
	EndGlobalSection
	GlobalSection(ExtensibilityGlobals) = postSolution
		SolutionGuid = {590731E5-5FAB-46B0-B60F-668D1B5BF70A}
	EndGlobalSection
EndGlobal
